
Microsoft Visual Studio Solution File, Format Version 12.00
# Visual Studio 15
VisualStudioVersion = 15.0.26124.0
MinimumVisualStudioVersion = 15.0.26124.0
Project("{2150E333-8FDC-42A3-9474-1A3956D46DE8}") = "Tools", "Tools", "{473807F5-6A50-4A3E-9387-459E72684C67}"
EndProject
Project("{FAE04EC0-301F-11D3-BF4B-00C04F79EFBC}") = "DatabaseSetup", "Tools\UI-Tools\DatabaseSetup\DatabaseSetup.csproj", "{1DC646AA-D622-41AE-8C77-731E5B7DDF31}"
EndProject
Project("{FAE04EC0-301F-11D3-BF4B-00C04F79EFBC}") = "DataAccessLayer", "ApplicationServer\DataAccessLayer\DataAccessLayer.csproj", "{2E4E75B9-1B60-49F8-AFD5-0D2079B6BECB}"
EndProject
Project("{FAE04EC0-301F-11D3-BF4B-00C04F79EFBC}") = "BusinessLogicLayer", "ApplicationServer\BusinessLogicLayer\BusinessLogicLayer.csproj", "{A65C26F4-64C7-4B9E-B37B-EAB954674D55}"
EndProject
Project("{FAE04EC0-301F-11D3-BF4B-00C04F79EFBC}") = "DataTransferObjects", "ApplicationServer\DataTransferObjects\DataTransferObjects.csproj", "{0FA85E43-80A3-47A0-A45C-1C651621971F}"
EndProject
Project("{FAE04EC0-301F-11D3-BF4B-00C04F79EFBC}") = "DomainModel", "ApplicationServer\DomainModel\DomainModel.csproj", "{3A44DD8D-5CCD-4D13-BA45-F877A3F73167}"
EndProject
Project("{FAE04EC0-301F-11D3-BF4B-00C04F79EFBC}") = "Repository", "ApplicationServer\Repository\Repository.csproj", "{65F44E53-C83A-4DA2-8D2B-0CB66CF97254}"
EndProject
Project("{FAE04EC0-301F-11D3-BF4B-00C04F79EFBC}") = "ServiceLayer", "ApplicationServer\ServiceLayer\ServiceLayer.csproj", "{6AD9F713-11A4-422B-949C-50B634EF3BD6}"
EndProject
Project("{FAE04EC0-301F-11D3-BF4B-00C04F79EFBC}") = "WebFrontEnd", "WebFrontEndServer\WebFrontEnd\WebFrontEnd.csproj", "{A9901B19-B4CE-4FDE-87EB-6F52797CBB3D}"
EndProject
Global
	GlobalSection(SolutionConfigurationPlatforms) = preSolution
		Debug|Any CPU = Debug|Any CPU
		Debug|x64 = Debug|x64
		Debug|x86 = Debug|x86
		Release|Any CPU = Release|Any CPU
		Release|x64 = Release|x64
		Release|x86 = Release|x86
	EndGlobalSection
	GlobalSection(SolutionProperties) = preSolution
		HideSolutionNode = FALSE
	EndGlobalSection
	GlobalSection(ProjectConfigurationPlatforms) = postSolution
		{1DC646AA-D622-41AE-8C77-731E5B7DDF31}.Debug|Any CPU.ActiveCfg = Debug|Any CPU
		{1DC646AA-D622-41AE-8C77-731E5B7DDF31}.Debug|Any CPU.Build.0 = Debug|Any CPU
		{1DC646AA-D622-41AE-8C77-731E5B7DDF31}.Debug|x64.ActiveCfg = Debug|x64
		{1DC646AA-D622-41AE-8C77-731E5B7DDF31}.Debug|x64.Build.0 = Debug|x64
		{1DC646AA-D622-41AE-8C77-731E5B7DDF31}.Debug|x86.ActiveCfg = Debug|x86
		{1DC646AA-D622-41AE-8C77-731E5B7DDF31}.Debug|x86.Build.0 = Debug|x86
		{1DC646AA-D622-41AE-8C77-731E5B7DDF31}.Release|Any CPU.ActiveCfg = Release|Any CPU
		{1DC646AA-D622-41AE-8C77-731E5B7DDF31}.Release|Any CPU.Build.0 = Release|Any CPU
		{1DC646AA-D622-41AE-8C77-731E5B7DDF31}.Release|x64.ActiveCfg = Release|x64
		{1DC646AA-D622-41AE-8C77-731E5B7DDF31}.Release|x64.Build.0 = Release|x64
		{1DC646AA-D622-41AE-8C77-731E5B7DDF31}.Release|x86.ActiveCfg = Release|x86
		{1DC646AA-D622-41AE-8C77-731E5B7DDF31}.Release|x86.Build.0 = Release|x86
		{2E4E75B9-1B60-49F8-AFD5-0D2079B6BECB}.Debug|Any CPU.ActiveCfg = Debug|Any CPU
		{2E4E75B9-1B60-49F8-AFD5-0D2079B6BECB}.Debug|Any CPU.Build.0 = Debug|Any CPU
		{2E4E75B9-1B60-49F8-AFD5-0D2079B6BECB}.Debug|x64.ActiveCfg = Debug|x64
		{2E4E75B9-1B60-49F8-AFD5-0D2079B6BECB}.Debug|x64.Build.0 = Debug|x64
		{2E4E75B9-1B60-49F8-AFD5-0D2079B6BECB}.Debug|x86.ActiveCfg = Debug|x86
		{2E4E75B9-1B60-49F8-AFD5-0D2079B6BECB}.Debug|x86.Build.0 = Debug|x86
		{2E4E75B9-1B60-49F8-AFD5-0D2079B6BECB}.Release|Any CPU.ActiveCfg = Release|Any CPU
		{2E4E75B9-1B60-49F8-AFD5-0D2079B6BECB}.Release|Any CPU.Build.0 = Release|Any CPU
		{2E4E75B9-1B60-49F8-AFD5-0D2079B6BECB}.Release|x64.ActiveCfg = Release|x64
		{2E4E75B9-1B60-49F8-AFD5-0D2079B6BECB}.Release|x64.Build.0 = Release|x64
		{2E4E75B9-1B60-49F8-AFD5-0D2079B6BECB}.Release|x86.ActiveCfg = Release|x86
		{2E4E75B9-1B60-49F8-AFD5-0D2079B6BECB}.Release|x86.Build.0 = Release|x86
		{A65C26F4-64C7-4B9E-B37B-EAB954674D55}.Debug|Any CPU.ActiveCfg = Debug|Any CPU
		{A65C26F4-64C7-4B9E-B37B-EAB954674D55}.Debug|Any CPU.Build.0 = Debug|Any CPU
		{A65C26F4-64C7-4B9E-B37B-EAB954674D55}.Debug|x64.ActiveCfg = Debug|x64
		{A65C26F4-64C7-4B9E-B37B-EAB954674D55}.Debug|x64.Build.0 = Debug|x64
		{A65C26F4-64C7-4B9E-B37B-EAB954674D55}.Debug|x86.ActiveCfg = Debug|x86
		{A65C26F4-64C7-4B9E-B37B-EAB954674D55}.Debug|x86.Build.0 = Debug|x86
		{A65C26F4-64C7-4B9E-B37B-EAB954674D55}.Release|Any CPU.ActiveCfg = Release|Any CPU
		{A65C26F4-64C7-4B9E-B37B-EAB954674D55}.Release|Any CPU.Build.0 = Release|Any CPU
		{A65C26F4-64C7-4B9E-B37B-EAB954674D55}.Release|x64.ActiveCfg = Release|x64
		{A65C26F4-64C7-4B9E-B37B-EAB954674D55}.Release|x64.Build.0 = Release|x64
		{A65C26F4-64C7-4B9E-B37B-EAB954674D55}.Release|x86.ActiveCfg = Release|x86
		{A65C26F4-64C7-4B9E-B37B-EAB954674D55}.Release|x86.Build.0 = Release|x86
		{0FA85E43-80A3-47A0-A45C-1C651621971F}.Debug|Any CPU.ActiveCfg = Debug|Any CPU
		{0FA85E43-80A3-47A0-A45C-1C651621971F}.Debug|Any CPU.Build.0 = Debug|Any CPU
		{0FA85E43-80A3-47A0-A45C-1C651621971F}.Debug|x64.ActiveCfg = Debug|x64
		{0FA85E43-80A3-47A0-A45C-1C651621971F}.Debug|x64.Build.0 = Debug|x64
		{0FA85E43-80A3-47A0-A45C-1C651621971F}.Debug|x86.ActiveCfg = Debug|x86
		{0FA85E43-80A3-47A0-A45C-1C651621971F}.Debug|x86.Build.0 = Debug|x86
		{0FA85E43-80A3-47A0-A45C-1C651621971F}.Release|Any CPU.ActiveCfg = Release|Any CPU
		{0FA85E43-80A3-47A0-A45C-1C651621971F}.Release|Any CPU.Build.0 = Release|Any CPU
		{0FA85E43-80A3-47A0-A45C-1C651621971F}.Release|x64.ActiveCfg = Release|x64
		{0FA85E43-80A3-47A0-A45C-1C651621971F}.Release|x64.Build.0 = Release|x64
		{0FA85E43-80A3-47A0-A45C-1C651621971F}.Release|x86.ActiveCfg = Release|x86
		{0FA85E43-80A3-47A0-A45C-1C651621971F}.Release|x86.Build.0 = Release|x86
		{3A44DD8D-5CCD-4D13-BA45-F877A3F73167}.Debug|Any CPU.ActiveCfg = Debug|Any CPU
		{3A44DD8D-5CCD-4D13-BA45-F877A3F73167}.Debug|Any CPU.Build.0 = Debug|Any CPU
		{3A44DD8D-5CCD-4D13-BA45-F877A3F73167}.Debug|x64.ActiveCfg = Debug|x64
		{3A44DD8D-5CCD-4D13-BA45-F877A3F73167}.Debug|x64.Build.0 = Debug|x64
		{3A44DD8D-5CCD-4D13-BA45-F877A3F73167}.Debug|x86.ActiveCfg = Debug|x86
		{3A44DD8D-5CCD-4D13-BA45-F877A3F73167}.Debug|x86.Build.0 = Debug|x86
		{3A44DD8D-5CCD-4D13-BA45-F877A3F73167}.Release|Any CPU.ActiveCfg = Release|Any CPU
		{3A44DD8D-5CCD-4D13-BA45-F877A3F73167}.Release|Any CPU.Build.0 = Release|Any CPU
		{3A44DD8D-5CCD-4D13-BA45-F877A3F73167}.Release|x64.ActiveCfg = Release|x64
		{3A44DD8D-5CCD-4D13-BA45-F877A3F73167}.Release|x64.Build.0 = Release|x64
		{3A44DD8D-5CCD-4D13-BA45-F877A3F73167}.Release|x86.ActiveCfg = Release|x86
		{3A44DD8D-5CCD-4D13-BA45-F877A3F73167}.Release|x86.Build.0 = Release|x86
		{65F44E53-C83A-4DA2-8D2B-0CB66CF97254}.Debug|Any CPU.ActiveCfg = Debug|Any CPU
		{65F44E53-C83A-4DA2-8D2B-0CB66CF97254}.Debug|Any CPU.Build.0 = Debug|Any CPU
		{65F44E53-C83A-4DA2-8D2B-0CB66CF97254}.Debug|x64.ActiveCfg = Debug|x64
		{65F44E53-C83A-4DA2-8D2B-0CB66CF97254}.Debug|x64.Build.0 = Debug|x64
		{65F44E53-C83A-4DA2-8D2B-0CB66CF97254}.Debug|x86.ActiveCfg = Debug|x86
		{65F44E53-C83A-4DA2-8D2B-0CB66CF97254}.Debug|x86.Build.0 = Debug|x86
		{65F44E53-C83A-4DA2-8D2B-0CB66CF97254}.Release|Any CPU.ActiveCfg = Release|Any CPU
		{65F44E53-C83A-4DA2-8D2B-0CB66CF97254}.Release|Any CPU.Build.0 = Release|Any CPU
		{65F44E53-C83A-4DA2-8D2B-0CB66CF97254}.Release|x64.ActiveCfg = Release|x64
		{65F44E53-C83A-4DA2-8D2B-0CB66CF97254}.Release|x64.Build.0 = Release|x64
		{65F44E53-C83A-4DA2-8D2B-0CB66CF97254}.Release|x86.ActiveCfg = Release|x86
		{65F44E53-C83A-4DA2-8D2B-0CB66CF97254}.Release|x86.Build.0 = Release|x86
		{6AD9F713-11A4-422B-949C-50B634EF3BD6}.Debug|Any CPU.ActiveCfg = Debug|Any CPU
		{6AD9F713-11A4-422B-949C-50B634EF3BD6}.Debug|Any CPU.Build.0 = Debug|Any CPU
		{6AD9F713-11A4-422B-949C-50B634EF3BD6}.Debug|x64.ActiveCfg = Debug|x64
		{6AD9F713-11A4-422B-949C-50B634EF3BD6}.Debug|x64.Build.0 = Debug|x64
		{6AD9F713-11A4-422B-949C-50B634EF3BD6}.Debug|x86.ActiveCfg = Debug|x86
		{6AD9F713-11A4-422B-949C-50B634EF3BD6}.Debug|x86.Build.0 = Debug|x86
		{6AD9F713-11A4-422B-949C-50B634EF3BD6}.Release|Any CPU.ActiveCfg = Release|Any CPU
		{6AD9F713-11A4-422B-949C-50B634EF3BD6}.Release|Any CPU.Build.0 = Release|Any CPU
		{6AD9F713-11A4-422B-949C-50B634EF3BD6}.Release|x64.ActiveCfg = Release|x64
		{6AD9F713-11A4-422B-949C-50B634EF3BD6}.Release|x64.Build.0 = Release|x64
		{6AD9F713-11A4-422B-949C-50B634EF3BD6}.Release|x86.ActiveCfg = Release|x86
		{6AD9F713-11A4-422B-949C-50B634EF3BD6}.Release|x86.Build.0 = Release|x86
		{A9901B19-B4CE-4FDE-87EB-6F52797CBB3D}.Debug|Any CPU.ActiveCfg = Debug|Any CPU
		{A9901B19-B4CE-4FDE-87EB-6F52797CBB3D}.Debug|Any CPU.Build.0 = Debug|Any CPU
		{A9901B19-B4CE-4FDE-87EB-6F52797CBB3D}.Debug|x64.ActiveCfg = Debug|x64
		{A9901B19-B4CE-4FDE-87EB-6F52797CBB3D}.Debug|x64.Build.0 = Debug|x64
		{A9901B19-B4CE-4FDE-87EB-6F52797CBB3D}.Debug|x86.ActiveCfg = Debug|x86
		{A9901B19-B4CE-4FDE-87EB-6F52797CBB3D}.Debug|x86.Build.0 = Debug|x86
		{A9901B19-B4CE-4FDE-87EB-6F52797CBB3D}.Release|Any CPU.ActiveCfg = Release|Any CPU
		{A9901B19-B4CE-4FDE-87EB-6F52797CBB3D}.Release|Any CPU.Build.0 = Release|Any CPU
		{A9901B19-B4CE-4FDE-87EB-6F52797CBB3D}.Release|x64.ActiveCfg = Release|x64
		{A9901B19-B4CE-4FDE-87EB-6F52797CBB3D}.Release|x64.Build.0 = Release|x64
		{A9901B19-B4CE-4FDE-87EB-6F52797CBB3D}.Release|x86.ActiveCfg = Release|x86
		{A9901B19-B4CE-4FDE-87EB-6F52797CBB3D}.Release|x86.Build.0 = Release|x86
	EndGlobalSection
	GlobalSection(NestedProjects) = preSolution
		{1DC646AA-D622-41AE-8C77-731E5B7DDF31} = {473807F5-6A50-4A3E-9387-459E72684C67}
	EndGlobalSection
EndGlobal
